
Microsoft Visual Studio Solution File, Format Version 12.00
# Visual Studio Version 17
VisualStudioVersion = 17.6.33815.320
MinimumVisualStudioVersion = 10.0.40219.1
Project("{FAE04EC0-301F-11D3-BF4B-00C04F79EFBC}") = "Events", "Events\Events.csproj", "{BD340DA0-619D-4A7F-9E61-28C7F665951A}"
EndProject
Global
	GlobalSection(SolutionConfigurationPlatforms) = preSolution
		Debug|Any CPU = Debug|Any CPU
		Release|Any CPU = Release|Any CPU
	EndGlobalSection
	GlobalSection(ProjectConfigurationPlatforms) = postSolution
		{BD340DA0-619D-4A7F-9E61-28C7F665951A}.Debug|Any CPU.ActiveCfg = Debug|Any CPU
		{BD340DA0-619D-4A7F-9E61-28C7F665951A}.Debug|Any CPU.Build.0 = Debug|Any CPU
		{BD340DA0-619D-4A7F-9E61-28C7F665951A}.Release|Any CPU.ActiveCfg = Release|Any CPU
		{BD340DA0-619D-4A7F-9E61-28C7F665951A}.Release|Any CPU.Build.0 = Release|Any CPU
	EndGlobalSection
	GlobalSection(SolutionProperties) = preSolution
		HideSolutionNode = FALSE
	EndGlobalSection
	GlobalSection(ExtensibilityGlobals) = postSolution
		SolutionGuid = {B830FD3B-B7D1-4498-8AD5-58210978DF3E}
	EndGlobalSection
EndGlobal
